
Microsoft Visual Studio Solution File, Format Version 12.00
Project("{2150E333-8FDC-42A3-9474-1A3956D46DE8}") = "MicroServices", "MicroServices", "{B667C484-EE45-4163-9FFF-EDD683F986EC}"
EndProject
Project("{2150E333-8FDC-42A3-9474-1A3956D46DE8}") = "Domain", "Domain", "{1952A08B-528D-4578-A137-77AED38C98E9}"
EndProject
Project("{2150E333-8FDC-42A3-9474-1A3956D46DE8}") = "Infrastructure.Bus", "Infrastructure.Bus", "{8A2B18AC-7592-4675-97A9-F6039BE5CAE8}"
EndProject
Project("{2150E333-8FDC-42A3-9474-1A3956D46DE8}") = "Infrastructure.IOC", "Infrastructure.IOC", "{9AE35C12-A226-4000-9E47-B3206C6360ED}"
EndProject
Project("{2150E333-8FDC-42A3-9474-1A3956D46DE8}") = "Presentation", "Presentation", "{BC18A3A1-A660-47A7-B081-B06F3750A2ED}"
EndProject
Project("{FAE04EC0-301F-11D3-BF4B-00C04F79EFBC}") = "MicroRabbit.Domain.Core", "MicroRabbit.Domain.Core\MicroRabbit.Domain.Core.csproj", "{06EBB336-FDD3-464E-AEAC-C29A0558A5A6}"
EndProject
Project("{FAE04EC0-301F-11D3-BF4B-00C04F79EFBC}") = "MicroRabbit.Infastructue.Bus", "MicroRabbit.Infastructue.Bus\MicroRabbit.Infastructue.Bus.csproj", "{51C63219-5FD2-4E60-89EF-4CCD269A2151}"
EndProject
Project("{FAE04EC0-301F-11D3-BF4B-00C04F79EFBC}") = "MicroRabbit.Infrastructure.IOC", "MicroRabbit.Infrastructure.IOC\MicroRabbit.Infrastructure.IOC.csproj", "{A546023D-5444-4D31-80D0-D0B7A18074F4}"
EndProject
Project("{2150E333-8FDC-42A3-9474-1A3956D46DE8}") = "Banking", "Banking", "{78B39B0A-F22D-448F-BD7A-A0270CF584C5}"
EndProject
Project("{2150E333-8FDC-42A3-9474-1A3956D46DE8}") = "Api", "Api", "{4A6BEDBD-57A2-468D-BF34-0D8AD2D476D4}"
EndProject
Project("{2150E333-8FDC-42A3-9474-1A3956D46DE8}") = "Domain", "Domain", "{48C184D6-AF3A-40CD-BEE9-F657873D57D8}"
EndProject
Project("{2150E333-8FDC-42A3-9474-1A3956D46DE8}") = "Application", "Application", "{B89717A2-01C2-4275-845A-E0C00DEB83BB}"
EndProject
Project("{2150E333-8FDC-42A3-9474-1A3956D46DE8}") = "Data", "Data", "{D55B8461-4775-42F0-9EEE-45376C5C0A1D}"
EndProject
Project("{FAE04EC0-301F-11D3-BF4B-00C04F79EFBC}") = "MicroRabbit.Banking.Api", "MicroRabbit.Banking.Api\MicroRabbit.Banking.Api.csproj", "{9CCA2D3C-E24C-4396-8BC3-7840C6B244A8}"
EndProject
Project("{FAE04EC0-301F-11D3-BF4B-00C04F79EFBC}") = "MicroRabbit.Banking.Aplication", "MicroRabbit.Banking.Aplication\MicroRabbit.Banking.Aplication.csproj", "{1F0439CD-2A49-4606-ADE6-6C2145AA59B0}"
EndProject
Project("{FAE04EC0-301F-11D3-BF4B-00C04F79EFBC}") = "MicroRabbit.Banking.Data", "MicroRabbit.Banking.Data\MicroRabbit.Banking.Data.csproj", "{79740FA2-0ABC-48CC-BA83-2CE48A594462}"
EndProject
Project("{FAE04EC0-301F-11D3-BF4B-00C04F79EFBC}") = "MicroRabbit.Banking.Domain", "MicroRabbit.Banking.Domain\MicroRabbit.Banking.Domain.csproj", "{51D8C642-D287-4ABC-AD61-A1DCA8B1EF11}"
EndProject
Global
	GlobalSection(SolutionConfigurationPlatforms) = preSolution
		Debug|Any CPU = Debug|Any CPU
		Release|Any CPU = Release|Any CPU
	EndGlobalSection
	GlobalSection(NestedProjects) = preSolution
		{06EBB336-FDD3-464E-AEAC-C29A0558A5A6} = {1952A08B-528D-4578-A137-77AED38C98E9}
		{51C63219-5FD2-4E60-89EF-4CCD269A2151} = {8A2B18AC-7592-4675-97A9-F6039BE5CAE8}
		{A546023D-5444-4D31-80D0-D0B7A18074F4} = {9AE35C12-A226-4000-9E47-B3206C6360ED}
		{78B39B0A-F22D-448F-BD7A-A0270CF584C5} = {B667C484-EE45-4163-9FFF-EDD683F986EC}
		{4A6BEDBD-57A2-468D-BF34-0D8AD2D476D4} = {78B39B0A-F22D-448F-BD7A-A0270CF584C5}
		{48C184D6-AF3A-40CD-BEE9-F657873D57D8} = {78B39B0A-F22D-448F-BD7A-A0270CF584C5}
		{B89717A2-01C2-4275-845A-E0C00DEB83BB} = {78B39B0A-F22D-448F-BD7A-A0270CF584C5}
		{D55B8461-4775-42F0-9EEE-45376C5C0A1D} = {78B39B0A-F22D-448F-BD7A-A0270CF584C5}
		{9CCA2D3C-E24C-4396-8BC3-7840C6B244A8} = {4A6BEDBD-57A2-468D-BF34-0D8AD2D476D4}
		{1F0439CD-2A49-4606-ADE6-6C2145AA59B0} = {B89717A2-01C2-4275-845A-E0C00DEB83BB}
		{79740FA2-0ABC-48CC-BA83-2CE48A594462} = {D55B8461-4775-42F0-9EEE-45376C5C0A1D}
		{51D8C642-D287-4ABC-AD61-A1DCA8B1EF11} = {48C184D6-AF3A-40CD-BEE9-F657873D57D8}
	EndGlobalSection
	GlobalSection(ProjectConfigurationPlatforms) = postSolution
		{06EBB336-FDD3-464E-AEAC-C29A0558A5A6}.Debug|Any CPU.ActiveCfg = Debug|Any CPU
		{06EBB336-FDD3-464E-AEAC-C29A0558A5A6}.Debug|Any CPU.Build.0 = Debug|Any CPU
		{06EBB336-FDD3-464E-AEAC-C29A0558A5A6}.Release|Any CPU.ActiveCfg = Release|Any CPU
		{06EBB336-FDD3-464E-AEAC-C29A0558A5A6}.Release|Any CPU.Build.0 = Release|Any CPU
		{51C63219-5FD2-4E60-89EF-4CCD269A2151}.Debug|Any CPU.ActiveCfg = Debug|Any CPU
		{51C63219-5FD2-4E60-89EF-4CCD269A2151}.Debug|Any CPU.Build.0 = Debug|Any CPU
		{51C63219-5FD2-4E60-89EF-4CCD269A2151}.Release|Any CPU.ActiveCfg = Release|Any CPU
		{51C63219-5FD2-4E60-89EF-4CCD269A2151}.Release|Any CPU.Build.0 = Release|Any CPU
		{A546023D-5444-4D31-80D0-D0B7A18074F4}.Debug|Any CPU.ActiveCfg = Debug|Any CPU
		{A546023D-5444-4D31-80D0-D0B7A18074F4}.Debug|Any CPU.Build.0 = Debug|Any CPU
		{A546023D-5444-4D31-80D0-D0B7A18074F4}.Release|Any CPU.ActiveCfg = Release|Any CPU
		{A546023D-5444-4D31-80D0-D0B7A18074F4}.Release|Any CPU.Build.0 = Release|Any CPU
		{9CCA2D3C-E24C-4396-8BC3-7840C6B244A8}.Debug|Any CPU.ActiveCfg = Debug|Any CPU
		{9CCA2D3C-E24C-4396-8BC3-7840C6B244A8}.Debug|Any CPU.Build.0 = Debug|Any CPU
		{9CCA2D3C-E24C-4396-8BC3-7840C6B244A8}.Release|Any CPU.ActiveCfg = Release|Any CPU
		{9CCA2D3C-E24C-4396-8BC3-7840C6B244A8}.Release|Any CPU.Build.0 = Release|Any CPU
		{1F0439CD-2A49-4606-ADE6-6C2145AA59B0}.Debug|Any CPU.ActiveCfg = Debug|Any CPU
		{1F0439CD-2A49-4606-ADE6-6C2145AA59B0}.Debug|Any CPU.Build.0 = Debug|Any CPU
		{1F0439CD-2A49-4606-ADE6-6C2145AA59B0}.Release|Any CPU.ActiveCfg = Release|Any CPU
		{1F0439CD-2A49-4606-ADE6-6C2145AA59B0}.Release|Any CPU.Build.0 = Release|Any CPU
		{79740FA2-0ABC-48CC-BA83-2CE48A594462}.Debug|Any CPU.ActiveCfg = Debug|Any CPU
		{79740FA2-0ABC-48CC-BA83-2CE48A594462}.Debug|Any CPU.Build.0 = Debug|Any CPU
		{79740FA2-0ABC-48CC-BA83-2CE48A594462}.Release|Any CPU.ActiveCfg = Release|Any CPU
		{79740FA2-0ABC-48CC-BA83-2CE48A594462}.Release|Any CPU.Build.0 = Release|Any CPU
		{51D8C642-D287-4ABC-AD61-A1DCA8B1EF11}.Debug|Any CPU.ActiveCfg = Debug|Any CPU
		{51D8C642-D287-4ABC-AD61-A1DCA8B1EF11}.Debug|Any CPU.Build.0 = Debug|Any CPU
		{51D8C642-D287-4ABC-AD61-A1DCA8B1EF11}.Release|Any CPU.ActiveCfg = Release|Any CPU
		{51D8C642-D287-4ABC-AD61-A1DCA8B1EF11}.Release|Any CPU.Build.0 = Release|Any CPU
	EndGlobalSection
EndGlobal
